
Microsoft Visual Studio Solution File, Format Version 12.00
# Visual Studio Version 16
VisualStudioVersion = 16.0.30204.135
MinimumVisualStudioVersion = 10.0.40219.1
Project("{FAE04EC0-301F-11D3-BF4B-00C04F79EFBC}") = "STDTBot", "STDTBot\STDTBot.csproj", "{1800796B-7C25-4F2C-9854-98385F175CF5}"
EndProject
Global
	GlobalSection(SolutionConfigurationPlatforms) = preSolution
		Debug|Any CPU = Debug|Any CPU
		Release|Any CPU = Release|Any CPU
	EndGlobalSection
	GlobalSection(ProjectConfigurationPlatforms) = postSolution
		{1800796B-7C25-4F2C-9854-98385F175CF5}.Debug|Any CPU.ActiveCfg = Debug|Any CPU
		{1800796B-7C25-4F2C-9854-98385F175CF5}.Debug|Any CPU.Build.0 = Debug|Any CPU
		{1800796B-7C25-4F2C-9854-98385F175CF5}.Release|Any CPU.ActiveCfg = Release|Any CPU
		{1800796B-7C25-4F2C-9854-98385F175CF5}.Release|Any CPU.Build.0 = Release|Any CPU
	EndGlobalSection
	GlobalSection(SolutionProperties) = preSolution
		HideSolutionNode = FALSE
	EndGlobalSection
	GlobalSection(ExtensibilityGlobals) = postSolution
		SolutionGuid = {209ECE28-AA73-4173-8225-AB32806D01A3}
	EndGlobalSection
EndGlobal
